
Microsoft Visual Studio Solution File, Format Version 12.00
# Visual Studio 15
VisualStudioVersion = 15.0.28307.852
MinimumVisualStudioVersion = 10.0.40219.1
Project("{FAE04EC0-301F-11D3-BF4B-00C04F79EFBC}") = "BinCleanerExtension", "BinCleanerExtension\BinCleanerExtension.csproj", "{18A1EE2C-24AF-479B-9E5A-940532C780AB}"
EndProject
Global
	GlobalSection(SolutionConfigurationPlatforms) = preSolution
		Debug|Any CPU = Debug|Any CPU
		Release|Any CPU = Release|Any CPU
	EndGlobalSection
	GlobalSection(ProjectConfigurationPlatforms) = postSolution
		{18A1EE2C-24AF-479B-9E5A-940532C780AB}.Debug|Any CPU.ActiveCfg = Debug|Any CPU
		{18A1EE2C-24AF-479B-9E5A-940532C780AB}.Debug|Any CPU.Build.0 = Debug|Any CPU
		{18A1EE2C-24AF-479B-9E5A-940532C780AB}.Release|Any CPU.ActiveCfg = Release|Any CPU
		{18A1EE2C-24AF-479B-9E5A-940532C780AB}.Release|Any CPU.Build.0 = Release|Any CPU
	EndGlobalSection
	GlobalSection(SolutionProperties) = preSolution
		HideSolutionNode = FALSE
	EndGlobalSection
	GlobalSection(ExtensibilityGlobals) = postSolution
		SolutionGuid = {277CB9A2-BC92-4CA1-B2D8-4BFBF1FEF41E}
	EndGlobalSection
EndGlobal
